{
  "nodes": {
    "bintrees": {
      "flake": false,
      "locked": {
        "lastModified": 1607762717,
        "narHash": "sha256-/4GQ/wgr3LQBNlHJlkRJy/Mb6/P6s0pcxKScZzUhPBg=",
        "owner": "mozman",
        "repo": "bintrees",
        "rev": "c837433bfe0846888b16cb3ddcd86935dd67417c",
        "type": "github"
      },
      "original": {
        "owner": "mozman",
        "ref": "v2.2.0",
        "repo": "bintrees",
        "type": "github"
      }
    },
    "collections": {
      "flake": false,
      "locked": {
        "lastModified": 1601012878,
        "narHash": "sha256-XDos9ImIntwImJf/ZIGNeznbUPn/k/SUgYlAb/eP0U4=",
        "owner": "montagejs",
        "repo": "collections",
        "rev": "f73d513e9df13232ca8f9d7bda7f2b6f72ca0a06",
        "type": "github"
      },
      "original": {
        "owner": "montagejs",
        "ref": "v5.1.12",
        "repo": "collections",
        "type": "github"
      }
    },
    "flake-utils": {
      "locked": {
        "lastModified": 1609246779,
        "narHash": "sha256-eq6ZXE/VWo3EMC65jmIT6H/rrUc9UWOWVujkzav025k=",
        "owner": "numtide",
        "repo": "flake-utils",
        "rev": "08c7ad4a0844adc4a7f9f5bb3beae482e789afa4",
        "type": "github"
      },
      "original": {
        "owner": "numtide",
        "repo": "flake-utils",
        "type": "github"
      }
    },
    "naersk": {
      "inputs": {
        "nixpkgs": [
          "nixpkgs"
        ]
      },
      "locked": {
        "lastModified": 1606830243,
        "narHash": "sha256-XuHaoQNTZ+aUvM6GjsGr8bax51Vvif+kuq4il6d4ZSU=",
        "owner": "nmattia",
        "repo": "naersk",
        "rev": "a76924cbbb17c387e5ae4998a4721d88a3ac95c0",
        "type": "github"
      },
      "original": {
        "owner": "nmattia",
        "repo": "naersk",
        "type": "github"
      }
    },
    "nixpkgs": {
      "locked": {
        "lastModified": 1609228586,
        "narHash": "sha256-Aabo3QhYzNQ6d0etMYTvFQuh2vgWYMeW2e0mNqZtsQo=",
        "owner": "nixos",
        "repo": "nixpkgs",
        "rev": "1aa915c09dfe5d70570a59646df37ea718e93148",
        "type": "github"
      },
      "original": {
        "owner": "nixos",
        "ref": "nixpkgs-unstable",
        "repo": "nixpkgs",
        "type": "github"
      }
    },
    "root": {
      "inputs": {
        "bintrees": "bintrees",
        "collections": "collections",
        "flake-utils": "flake-utils",
        "naersk": "naersk",
        "nixpkgs": "nixpkgs",
        "weak-map": "weak-map"
      }
    },
    "weak-map": {
      "flake": false,
      "locked": {
        "lastModified": 1401331345,
        "narHash": "sha256-sucaecofluP3Lkj3PTIBc9O1oHMscylpIVpzlbk5XYU=",
        "owner": "drses",
        "repo": "weak-map",
        "rev": "63e37049a800e754d65f4334b3a7c23fd75ece69",
        "type": "github"
      },
      "original": {
        "owner": "drses",
        "ref": "v1.0.5",
        "repo": "weak-map",
        "type": "github"
      }
    }
  },
  "root": "root",
  "version": 7
}
